
Microsoft Visual Studio Solution File, Format Version 12.00
Project("{FAE04EC0-301F-11D3-BF4B-00C04F79EFBC}") = "WebApiApp", "WebApiApp\WebApiApp.csproj", "{56421EDE-401C-47B4-B729-F863A303D2C3}"
EndProject
Project("{FAE04EC0-301F-11D3-BF4B-00C04F79EFBC}") = "WebApiApp.UnitTests", "WebApiApp.UnitTests\WebApiApp.UnitTests.csproj", "{C7F430DA-6E77-458D-A4C8-D90E60754777}"
EndProject
Global
	GlobalSection(SolutionConfigurationPlatforms) = preSolution
		Debug|Any CPU = Debug|Any CPU
		Release|Any CPU = Release|Any CPU
	EndGlobalSection
	GlobalSection(ProjectConfigurationPlatforms) = postSolution
		{56421EDE-401C-47B4-B729-F863A303D2C3}.Debug|Any CPU.ActiveCfg = Debug|Any CPU
		{56421EDE-401C-47B4-B729-F863A303D2C3}.Debug|Any CPU.Build.0 = Debug|Any CPU
		{56421EDE-401C-47B4-B729-F863A303D2C3}.Release|Any CPU.ActiveCfg = Release|Any CPU
		{56421EDE-401C-47B4-B729-F863A303D2C3}.Release|Any CPU.Build.0 = Release|Any CPU
		{C7F430DA-6E77-458D-A4C8-D90E60754777}.Debug|Any CPU.ActiveCfg = Debug|Any CPU
		{C7F430DA-6E77-458D-A4C8-D90E60754777}.Debug|Any CPU.Build.0 = Debug|Any CPU
		{C7F430DA-6E77-458D-A4C8-D90E60754777}.Release|Any CPU.ActiveCfg = Release|Any CPU
		{C7F430DA-6E77-458D-A4C8-D90E60754777}.Release|Any CPU.Build.0 = Release|Any CPU
	EndGlobalSection
EndGlobal
